// !$*UTF8*$!
{
	archiveVersion = 1;
	classes = {
	};
	objectVersion = 46;
	objects = {

/* Begin PBXBuildFile section */
		D544C4741B2E3F9600F04F08 /* BorderTextField.swift in Sources */ = {isa = PBXBuildFile; fileRef = D544C4731B2E3F9600F04F08 /* BorderTextField.swift */; };
		D54A48201B2E25790018B672 /* BoxedTextField.swift in Sources */ = {isa = PBXBuildFile; fileRef = D54A481F1B2E25790018B672 /* BoxedTextField.swift */; };
		D59A0E2D1B2A5E3E00844D4F /* AppDelegate.swift in Sources */ = {isa = PBXBuildFile; fileRef = D59A0E2C1B2A5E3E00844D4F /* AppDelegate.swift */; };
		D59A0E2F1B2A5E3E00844D4F /* ViewController.swift in Sources */ = {isa = PBXBuildFile; fileRef = D59A0E2E1B2A5E3E00844D4F /* ViewController.swift */; };
		D59A0E321B2A5E3E00844D4F /* Main.storyboard in Resources */ = {isa = PBXBuildFile; fileRef = D59A0E301B2A5E3E00844D4F /* Main.storyboard */; };
		D59A0E341B2A5E3E00844D4F /* Images.xcassets in Resources */ = {isa = PBXBuildFile; fileRef = D59A0E331B2A5E3E00844D4F /* Images.xcassets */; };
		D59A0E371B2A5E3E00844D4F /* LaunchScreen.xib in Resources */ = {isa = PBXBuildFile; fileRef = D59A0E351B2A5E3E00844D4F /* LaunchScreen.xib */; };
		D59A0E431B2A5E3E00844D4F /* TextViewTests.swift in Sources */ = {isa = PBXBuildFile; fileRef = D59A0E421B2A5E3E00844D4F /* TextViewTests.swift */; };
		D59A0E4D1B2A5E8300844D4F /* UnderlineTextField.swift in Sources */ = {isa = PBXBuildFile; fileRef = D59A0E4C1B2A5E8300844D4F /* UnderlineTextField.swift */; };
		D5F9154C1B2E176700F03E98 /* AnimatedTextField.swift in Sources */ = {isa = PBXBuildFile; fileRef = D5F9154B1B2E176700F03E98 /* AnimatedTextField.swift */; };
/* End PBXBuildFile section */

/* Begin PBXContainerItemProxy section */
		D59A0E3D1B2A5E3E00844D4F /* PBXContainerItemProxy */ = {
			isa = PBXContainerItemProxy;
			containerPortal = D59A0E1F1B2A5E3E00844D4F /* Project object */;
			proxyType = 1;
			remoteGlobalIDString = D59A0E261B2A5E3E00844D4F;
			remoteInfo = TextView;
		};
/* End PBXContainerItemProxy section */

/* Begin PBXFileReference section */
		D544C4731B2E3F9600F04F08 /* BorderTextField.swift */ = {isa = PBXFileReference; fileEncoding = 4; lastKnownFileType = sourcecode.swift; path = BorderTextField.swift; sourceTree = "<group>"; };
		D54A481F1B2E25790018B672 /* BoxedTextField.swift */ = {isa = PBXFileReference; fileEncoding = 4; lastKnownFileType = sourcecode.swift; path = BoxedTextField.swift; sourceTree = "<group>"; };
		D59A0E271B2A5E3E00844D4F /* TextView.app */ = {isa = PBXFileReference; explicitFileType = wrapper.application; includeInIndex = 0; path = TextView.app; sourceTree = BUILT_PRODUCTS_DIR; };
		D59A0E2B1B2A5E3E00844D4F /* Info.plist */ = {isa = PBXFileReference; lastKnownFileType = text.plist.xml; path = Info.plist; sourceTree = "<group>"; };
		D59A0E2C1B2A5E3E00844D4F /* AppDelegate.swift */ = {isa = PBXFileReference; lastKnownFileType = sourcecode.swift; path = AppDelegate.swift; sourceTree = "<group>"; };
		D59A0E2E1B2A5E3E00844D4F /* ViewController.swift */ = {isa = PBXFileReference; lastKnownFileType = sourcecode.swift; path = ViewController.swift; sourceTree = "<group>"; };
		D59A0E311B2A5E3E00844D4F /* Base */ = {isa = PBXFileReference; lastKnownFileType = file.storyboard; name = Base; path = Base.lproj/Main.storyboard; sourceTree = "<group>"; };
		D59A0E331B2A5E3E00844D4F /* Images.xcassets */ = {isa = PBXFileReference; lastKnownFileType = folder.assetcatalog; path = Images.xcassets; sourceTree = "<group>"; };
		D59A0E361B2A5E3E00844D4F /* Base */ = {isa = PBXFileReference; lastKnownFileType = file.xib; name = Base; path = Base.lproj/LaunchScreen.xib; sourceTree = "<group>"; };
		D59A0E3C1B2A5E3E00844D4F /* TextViewTests.xctest */ = {isa = PBXFileReference; explicitFileType = wrapper.cfbundle; includeInIndex = 0; path = TextViewTests.xctest; sourceTree = BUILT_PRODUCTS_DIR; };
		D59A0E411B2A5E3E00844D4F /* Info.plist */ = {isa = PBXFileReference; lastKnownFileType = text.plist.xml; path = Info.plist; sourceTree = "<group>"; };
		D59A0E421B2A5E3E00844D4F /* TextViewTests.swift */ = {isa = PBXFileReference; lastKnownFileType = sourcecode.swift; path = TextViewTests.swift; sourceTree = "<group>"; };
		D59A0E4C1B2A5E8300844D4F /* UnderlineTextField.swift */ = {isa = PBXFileReference; fileEncoding = 4; lastKnownFileType = sourcecode.swift; path = UnderlineTextField.swift; sourceTree = "<group>"; };
		D5F9154B1B2E176700F03E98 /* AnimatedTextField.swift */ = {isa = PBXFileReference; fileEncoding = 4; lastKnownFileType = sourcecode.swift; path = AnimatedTextField.swift; sourceTree = "<group>"; };
/* End PBXFileReference section */

/* Begin PBXFrameworksBuildPhase section */
		D59A0E241B2A5E3E00844D4F /* Frameworks */ = {
			isa = PBXFrameworksBuildPhase;
			buildActionMask = 2147483647;
			files = (
			);
			runOnlyForDeploymentPostprocessing = 0;
		};
		D59A0E391B2A5E3E00844D4F /* Frameworks */ = {
			isa = PBXFrameworksBuildPhase;
			buildActionMask = 2147483647;
			files = (
			);
			runOnlyForDeploymentPostprocessing = 0;
		};
/* End PBXFrameworksBuildPhase section */

/* Begin PBXGroup section */
		D59A0E1E1B2A5E3E00844D4F = {
			isa = PBXGroup;
			children = (
				D59A0E291B2A5E3E00844D4F /* TextView */,
				D59A0E3F1B2A5E3E00844D4F /* TextViewTests */,
				D59A0E281B2A5E3E00844D4F /* Products */,
			);
			sourceTree = "<group>";
		};
		D59A0E281B2A5E3E00844D4F /* Products */ = {
			isa = PBXGroup;
			children = (
				D59A0E271B2A5E3E00844D4F /* TextView.app */,
				D59A0E3C1B2A5E3E00844D4F /* TextViewTests.xctest */,
			);
			name = Products;
			sourceTree = "<group>";
		};
		D59A0E291B2A5E3E00844D4F /* TextView */ = {
			isa = PBXGroup;
			children = (
				D544C4731B2E3F9600F04F08 /* BorderTextField.swift */,
				D54A481F1B2E25790018B672 /* BoxedTextField.swift */,
				D5F9154B1B2E176700F03E98 /* AnimatedTextField.swift */,
				D59A0E4C1B2A5E8300844D4F /* UnderlineTextField.swift */,
				D59A0E2C1B2A5E3E00844D4F /* AppDelegate.swift */,
				D59A0E2E1B2A5E3E00844D4F /* ViewController.swift */,
				D59A0E301B2A5E3E00844D4F /* Main.storyboard */,
				D59A0E331B2A5E3E00844D4F /* Images.xcassets */,
				D59A0E351B2A5E3E00844D4F /* LaunchScreen.xib */,
				D59A0E2A1B2A5E3E00844D4F /* Supporting Files */,
			);
			path = TextView;
			sourceTree = "<group>";
		};
		D59A0E2A1B2A5E3E00844D4F /* Supporting Files */ = {
			isa = PBXGroup;
			children = (
				D59A0E2B1B2A5E3E00844D4F /* Info.plist */,
			);
			name = "Supporting Files";
			sourceTree = "<group>";
		};
		D59A0E3F1B2A5E3E00844D4F /* TextViewTests */ = {
			isa = PBXGroup;
			children = (
				D59A0E421B2A5E3E00844D4F /* TextViewTests.swift */,
				D59A0E401B2A5E3E00844D4F /* Supporting Files */,
			);
			path = TextViewTests;
			sourceTree = "<group>";
		};
		D59A0E401B2A5E3E00844D4F /* Supporting Files */ = {
			isa = PBXGroup;
			children = (
				D59A0E411B2A5E3E00844D4F /* Info.plist */,
			);
			name = "Supporting Files";
			sourceTree = "<group>";
		};
/* End PBXGroup section */

/* Begin PBXNativeTarget section */
		D59A0E261B2A5E3E00844D4F /* TextView */ = {
			isa = PBXNativeTarget;
			buildConfigurationList = D59A0E461B2A5E3E00844D4F /* Build configuration list for PBXNativeTarget "TextView" */;
			buildPhases = (
				D59A0E231B2A5E3E00844D4F /* Sources */,
				D59A0E241B2A5E3E00844D4F /* Frameworks */,
				D59A0E251B2A5E3E00844D4F /* Resources */,
			);
			buildRules = (
			);
			dependencies = (
			);
			name = TextView;
			productName = TextView;
			productReference = D59A0E271B2A5E3E00844D4F /* TextView.app */;
			productType = "com.apple.product-type.application";
		};
		D59A0E3B1B2A5E3E00844D4F /* TextViewTests */ = {
			isa = PBXNativeTarget;
			buildConfigurationList = D59A0E491B2A5E3E00844D4F /* Build configuration list for PBXNativeTarget "TextViewTests" */;
			buildPhases = (
				D59A0E381B2A5E3E00844D4F /* Sources */,
				D59A0E391B2A5E3E00844D4F /* Frameworks */,
				D59A0E3A1B2A5E3E00844D4F /* Resources */,
			);
			buildRules = (
			);
			dependencies = (
				D59A0E3E1B2A5E3E00844D4F /* PBXTargetDependency */,
			);
			name = TextViewTests;
			productName = TextViewTests;
			productReference = D59A0E3C1B2A5E3E00844D4F /* TextViewTests.xctest */;
			productType = "com.apple.product-type.bundle.unit-test";
		};
/* End PBXNativeTarget section */

/* Begin PBXProject section */
		D59A0E1F1B2A5E3E00844D4F /* Project object */ = {
			isa = PBXProject;
			attributes = {
				LastSwiftUpdateCheck = 0700;
				LastUpgradeCheck = 0630;
				ORGANIZATIONNAME = twb;
				TargetAttributes = {
					D59A0E261B2A5E3E00844D4F = {
						CreatedOnToolsVersion = 6.3.2;
					};
					D59A0E3B1B2A5E3E00844D4F = {
						CreatedOnToolsVersion = 6.3.2;
						TestTargetID = D59A0E261B2A5E3E00844D4F;
					};
				};
			};
			buildConfigurationList = D59A0E221B2A5E3E00844D4F /* Build configuration list for PBXProject "TextView" */;
			compatibilityVersion = "Xcode 3.2";
			developmentRegion = English;
			hasScannedForEncodings = 0;
			knownRegions = (
				en,
				Base,
			);
			mainGroup = D59A0E1E1B2A5E3E00844D4F;
			productRefGroup = D59A0E281B2A5E3E00844D4F /* Products */;
			projectDirPath = "";
			projectRoot = "";
			targets = (
				D59A0E261B2A5E3E00844D4F /* TextView */,
				D59A0E3B1B2A5E3E00844D4F /* TextViewTests */,
			);
		};
/* End PBXProject section */

/* Begin PBXResourcesBuildPhase section */
		D59A0E251B2A5E3E00844D4F /* Resources */ = {
			isa = PBXResourcesBuildPhase;
			buildActionMask = 2147483647;
			files = (
				D59A0E321B2A5E3E00844D4F /* Main.storyboard in Resources */,
				D59A0E371B2A5E3E00844D4F /* LaunchScreen.xib in Resources */,
				D59A0E341B2A5E3E00844D4F /* Images.xcassets in Resources */,
			);
			runOnlyForDeploymentPostprocessing = 0;
		};
		D59A0E3A1B2A5E3E00844D4F /* Resources */ = {
			isa = PBXResourcesBuildPhase;
			buildActionMask = 2147483647;
			files = (
			);
			runOnlyForDeploymentPostprocessing = 0;
		};
/* End PBXResourcesBuildPhase section */

/* Begin PBXSourcesBuildPhase section */
		D59A0E231B2A5E3E00844D4F /* Sources */ = {
			isa = PBXSourcesBuildPhase;
			buildActionMask = 2147483647;
			files = (
				D59A0E2F1B2A5E3E00844D4F /* ViewController.swift in Sources */,
				D54A48201B2E25790018B672 /* BoxedTextField.swift in Sources */,
				D59A0E2D1B2A5E3E00844D4F /* AppDelegate.swift in Sources */,
				D59A0E4D1B2A5E8300844D4F /* UnderlineTextField.swift in Sources */,
				D5F9154C1B2E176700F03E98 /* AnimatedTextField.swift in Sources */,
				D544C4741B2E3F9600F04F08 /* BorderTextField.swift in Sources */,
			);
			runOnlyForDeploymentPostprocessing = 0;
		};
		D59A0E381B2A5E3E00844D4F /* Sources */ = {
			isa = PBXSourcesBuildPhase;
			buildActionMask = 2147483647;
			files = (
				D59A0E431B2A5E3E00844D4F /* TextViewTests.swift in Sources */,
			);
			runOnlyForDeploymentPostprocessing = 0;
		};
/* End PBXSourcesBuildPhase section */

/* Begin PBXTargetDependency section */
		D59A0E3E1B2A5E3E00844D4F /* PBXTargetDependency */ = {
			isa = PBXTargetDependency;
			target = D59A0E261B2A5E3E00844D4F /* TextView */;
			targetProxy = D59A0E3D1B2A5E3E00844D4F /* PBXContainerItemProxy */;
		};
/* End PBXTargetDependency section */

/* Begin PBXVariantGroup section */
		D59A0E301B2A5E3E00844D4F /* Main.storyboard */ = {
			isa = PBXVariantGroup;
			children = (
				D59A0E311B2A5E3E00844D4F /* Base */,
			);
			name = Main.storyboard;
			sourceTree = "<group>";
		};
		D59A0E351B2A5E3E00844D4F /* LaunchScreen.xib */ = {
			isa = PBXVariantGroup;
			children = (
				D59A0E361B2A5E3E00844D4F /* Base */,
			);
			name = LaunchScreen.xib;
			sourceTree = "<group>";
		};
/* End PBXVariantGroup section */

/* Begin XCBuildConfiguration section */
		D59A0E441B2A5E3E00844D4F /* Debug */ = {
			isa = XCBuildConfiguration;
			buildSettings = {
				ALWAYS_SEARCH_USER_PATHS = NO;
				CLANG_CXX_LANGUAGE_STANDARD = "gnu++0x";
				CLANG_CXX_LIBRARY = "libc++";
				CLANG_ENABLE_MODULES = YES;
				CLANG_ENABLE_OBJC_ARC = YES;
				CLANG_WARN_BOOL_CONVERSION = YES;
				CLANG_WARN_CONSTANT_CONVERSION = YES;
				CLANG_WARN_DIRECT_OBJC_ISA_USAGE = YES_ERROR;
				CLANG_WARN_EMPTY_BODY = YES;
				CLANG_WARN_ENUM_CONVERSION = YES;
				CLANG_WARN_INT_CONVERSION = YES;
				CLANG_WARN_OBJC_ROOT_CLASS = YES_ERROR;
				CLANG_WARN_UNREACHABLE_CODE = YES;
				CLANG_WARN__DUPLICATE_METHOD_MATCH = YES;
				"CODE_SIGN_IDENTITY[sdk=iphoneos*]" = "iPhone Developer";
				COPY_PHASE_STRIP = NO;
				DEBUG_INFORMATION_FORMAT = "dwarf-with-dsym";
				ENABLE_STRICT_OBJC_MSGSEND = YES;
				GCC_C_LANGUAGE_STANDARD = gnu99;
				GCC_DYNAMIC_NO_PIC = NO;
				GCC_NO_COMMON_BLOCKS = YES;
				GCC_OPTIMIZATION_LEVEL = 0;
				GCC_PREPROCESSOR_DEFINITIONS = (
					"DEBUG=1",
					"$(inherited)",
				);
				GCC_SYMBOLS_PRIVATE_EXTERN = NO;
				GCC_WARN_64_TO_32_BIT_CONVERSION = YES;
				GCC_WARN_ABOUT_RETURN_TYPE = YES_ERROR;
				GCC_WARN_UNDECLARED_SELECTOR = YES;
				GCC_WARN_UNINITIALIZED_AUTOS = YES_AGGRESSIVE;
				GCC_WARN_UNUSED_FUNCTION = YES;
				GCC_WARN_UNUSED_VARIABLE = YES;
				IPHONEOS_DEPLOYMENT_TARGET = 8.3;
				MTL_ENABLE_DEBUG_INFO = YES;
				ONLY_ACTIVE_ARCH = YES;
				SDKROOT = iphoneos;
				SWIFT_OPTIMIZATION_LEVEL = "-Onone";
			};
			name = Debug;
		};
		D59A0E451B2A5E3E00844D4F /* Release */ = {
			isa = XCBuildConfiguration;
			buildSettings = {
				ALWAYS_SEARCH_USER_PATHS = NO;
				CLANG_CXX_LANGUAGE_STANDARD = "gnu++0x";
				CLANG_CXX_LIBRARY = "libc++";
				CLANG_ENABLE_MODULES = YES;
				CLANG_ENABLE_OBJC_ARC = YES;
				CLANG_WARN_BOOL_CONVERSION = YES;
				CLANG_WARN_CONSTANT_CONVERSION = YES;
				CLANG_WARN_DIRECT_OBJC_ISA_USAGE = YES_ERROR;
				CLANG_WARN_EMPTY_BODY = YES;
				CLANG_WARN_ENUM_CONVERSION = YES;
				CLANG_WARN_INT_CONVERSION = YES;
				CLANG_WARN_OBJC_ROOT_CLASS = YES_ERROR;
				CLANG_WARN_UNREACHABLE_CODE = YES;
				CLANG_WARN__DUPLICATE_METHOD_MATCH = YES;
				"CODE_SIGN_IDENTITY[sdk=iphoneos*]" = "iPhone Developer";
				COPY_PHASE_STRIP = NO;
				DEBUG_INFORMATION_FORMAT = "dwarf-with-dsym";
				ENABLE_NS_ASSERTIONS = NO;
				ENABLE_STRICT_OBJC_MSGSEND = YES;
				GCC_C_LANGUAGE_STANDARD = gnu99;
				GCC_NO_COMMON_BLOCKS = YES;
				GCC_WARN_64_TO_32_BIT_CONVERSION = YES;
				GCC_WARN_ABOUT_RETURN_TYPE = YES_ERROR;
				GCC_WARN_UNDECLARED_SELECTOR = YES;
				GCC_WARN_UNINITIALIZED_AUTOS = YES_AGGRESSIVE;
				GCC_WARN_UNUSED_FUNCTION = YES;
				GCC_WARN_UNUSED_VARIABLE = YES;
				IPHONEOS_DEPLOYMENT_TARGET = 8.3;
				MTL_ENABLE_DEBUG_INFO = NO;
				SDKROOT = iphoneos;
				VALIDATE_PRODUCT = YES;
			};
			name = Release;
		};
		D59A0E471B2A5E3E00844D4F /* Debug */ = {
			isa = XCBuildConfiguration;
			buildSettings = {
				ASSETCATALOG_COMPILER_APPICON_NAME = AppIcon;
				INFOPLIST_FILE = TextView/Info.plist;
				LD_RUNPATH_SEARCH_PATHS = "$(inherited) @executable_path/Frameworks";
				PRODUCT_NAME = "$(TARGET_NAME)";
			};
			name = Debug;
		};
		D59A0E481B2A5E3E00844D4F /* Release */ = {
			isa = XCBuildConfiguration;
			buildSettings = {
				ASSETCATALOG_COMPILER_APPICON_NAME = AppIcon;
				INFOPLIST_FILE = TextView/Info.plist;
				LD_RUNPATH_SEARCH_PATHS = "$(inherited) @executable_path/Frameworks";
				PRODUCT_NAME = "$(TARGET_NAME)";
			};
			name = Release;
		};
		D59A0E4A1B2A5E3E00844D4F /* Debug */ = {
			isa = XCBuildConfiguration;
			buildSettings = {
				BUNDLE_LOADER = "$(TEST_HOST)";
				FRAMEWORK_SEARCH_PATHS = (
					"$(SDKROOT)/Developer/Library/Frameworks",
					"$(inherited)",
				);
				GCC_PREPROCESSOR_DEFINITIONS = (
					"DEBUG=1",
					"$(inherited)",
				);
				INFOPLIST_FILE = TextViewTests/Info.plist;
				LD_RUNPATH_SEARCH_PATHS = "$(inherited) @executable_path/Frameworks @loader_path/Frameworks";
				PRODUCT_NAME = "$(TARGET_NAME)";
				TEST_HOST = "$(BUILT_PRODUCTS_DIR)/TextView.app/TextView";
			};
			name = Debug;
		};
		D59A0E4B1B2A5E3E00844D4F /* Release */ = {
			isa = XCBuildConfiguration;
			buildSettings = {
				BUNDLE_LOADER = "$(TEST_HOST)";
				FRAMEWORK_SEARCH_PATHS = (
					"$(SDKROOT)/Developer/Library/Frameworks",
					"$(inherited)",
				);
				INFOPLIST_FILE = TextViewTests/Info.plist;
				LD_RUNPATH_SEARCH_PATHS = "$(inherited) @executable_path/Frameworks @loader_path/Frameworks";
				PRODUCT_NAME = "$(TARGET_NAME)";
				TEST_HOST = "$(BUILT_PRODUCTS_DIR)/TextView.app/TextView";
			};
			name = Release;
		};
/* End XCBuildConfiguration section */

/* Begin XCConfigurationList section */
		D59A0E221B2A5E3E00844D4F /* Build configuration list for PBXProject "TextView" */ = {
			isa = XCConfigurationList;
			buildConfigurations = (
				D59A0E441B2A5E3E00844D4F /* Debug */,
				D59A0E451B2A5E3E00844D4F /* Release */,
			);
			defaultConfigurationIsVisible = 0;
			defaultConfigurationName = Release;
		};
		D59A0E461B2A5E3E00844D4F /* Build configuration list for PBXNativeTarget "TextView" */ = {
			isa = XCConfigurationList;
			buildConfigurations = (
				D59A0E471B2A5E3E00844D4F /* Debug */,
				D59A0E481B2A5E3E00844D4F /* Release */,
			);
			defaultConfigurationIsVisible = 0;
			defaultConfigurationName = Release;
		};
		D59A0E491B2A5E3E00844D4F /* Build configuration list for PBXNativeTarget "TextViewTests" */ = {
			isa = XCConfigurationList;
			buildConfigurations = (
				D59A0E4A1B2A5E3E00844D4F /* Debug */,
				D59A0E4B1B2A5E3E00844D4F /* Release */,
			);
			defaultConfigurationIsVisible = 0;
			defaultConfigurationName = Release;
		};
/* End XCConfigurationList section */
	};
	rootObject = D59A0E1F1B2A5E3E00844D4F /* Project object */;
}
